// !$*UTF8*$!
{
	archiveVersion = 1;
	classes = {
	};
	objectVersion = 46;
	objects = {

/* Begin PBXBuildFile section */
		826981371EA8187E005DA287 /* AppDelegate.swift in Sources */ = {isa = PBXBuildFile; fileRef = 826981361EA8187E005DA287 /* AppDelegate.swift */; };
		826981391EA8187E005DA287 /* PracticeViewController.swift in Sources */ = {isa = PBXBuildFile; fileRef = 826981381EA8187E005DA287 /* PracticeViewController.swift */; };
		8269813E1EA8187E005DA287 /* Assets.xcassets in Resources */ = {isa = PBXBuildFile; fileRef = 8269813D1EA8187E005DA287 /* Assets.xcassets */; };
		826981411EA8187E005DA287 /* LaunchScreen.storyboard in Resources */ = {isa = PBXBuildFile; fileRef = 8269813F1EA8187E005DA287 /* LaunchScreen.storyboard */; };
		826981491EA819DF005DA287 /* MenuViewController.swift in Sources */ = {isa = PBXBuildFile; fileRef = 826981481EA819DF005DA287 /* MenuViewController.swift */; };
		8275A4BD1EAF7A59004CBF12 /* MENDELMW.TTF in Resources */ = {isa = PBXBuildFile; fileRef = 8275A4BC1EAF7A59004CBF12 /* MENDELMW.TTF */; };
		82D3B2AB1EAF837300AD373D /* ButtonsView.swift in Sources */ = {isa = PBXBuildFile; fileRef = 82D3B2AA1EAF837300AD373D /* ButtonsView.swift */; };
		82D3B2AD1EAF840900AD373D /* CustomButton.swift in Sources */ = {isa = PBXBuildFile; fileRef = 82D3B2AC1EAF840900AD373D /* CustomButton.swift */; };
		82D3B2AF1EAF85F700AD373D /* LetterTextField.swift in Sources */ = {isa = PBXBuildFile; fileRef = 82D3B2AE1EAF85F700AD373D /* LetterTextField.swift */; };
		82D3B2B51EAF931D00AD373D /* Alphabet.swift in Sources */ = {isa = PBXBuildFile; fileRef = 82D3B2B41EAF931D00AD373D /* Alphabet.swift */; };
		82D3B2B71EAF999500AD373D /* Global.swift in Sources */ = {isa = PBXBuildFile; fileRef = 82D3B2B61EAF999500AD373D /* Global.swift */; };
		F9E22D35533D5EB294C277F4 /* Pods_AlfabetApp.framework in Frameworks */ = {isa = PBXBuildFile; fileRef = F69D68D7CFFC0A462BCD7399 /* Pods_AlfabetApp.framework */; };
/* End PBXBuildFile section */

/* Begin PBXFileReference section */
		826981331EA8187E005DA287 /* AlfabetApp.app */ = {isa = PBXFileReference; explicitFileType = wrapper.application; includeInIndex = 0; path = AlfabetApp.app; sourceTree = BUILT_PRODUCTS_DIR; };
		826981361EA8187E005DA287 /* AppDelegate.swift */ = {isa = PBXFileReference; lastKnownFileType = sourcecode.swift; path = AppDelegate.swift; sourceTree = "<group>"; };
		826981381EA8187E005DA287 /* PracticeViewController.swift */ = {isa = PBXFileReference; lastKnownFileType = sourcecode.swift; path = PracticeViewController.swift; sourceTree = "<group>"; };
		8269813D1EA8187E005DA287 /* Assets.xcassets */ = {isa = PBXFileReference; lastKnownFileType = folder.assetcatalog; path = Assets.xcassets; sourceTree = "<group>"; };
		826981401EA8187E005DA287 /* Base */ = {isa = PBXFileReference; lastKnownFileType = file.storyboard; name = Base; path = Base.lproj/LaunchScreen.storyboard; sourceTree = "<group>"; };
		826981421EA8187E005DA287 /* Info.plist */ = {isa = PBXFileReference; lastKnownFileType = text.plist.xml; path = Info.plist; sourceTree = "<group>"; };
		826981481EA819DF005DA287 /* MenuViewController.swift */ = {isa = PBXFileReference; fileEncoding = 4; lastKnownFileType = sourcecode.swift; path = MenuViewController.swift; sourceTree = "<group>"; };
		8275A4BC1EAF7A59004CBF12 /* MENDELMW.TTF */ = {isa = PBXFileReference; lastKnownFileType = file; path = MENDELMW.TTF; sourceTree = "<group>"; };
		82D3B2AA1EAF837300AD373D /* ButtonsView.swift */ = {isa = PBXFileReference; fileEncoding = 4; lastKnownFileType = sourcecode.swift; path = ButtonsView.swift; sourceTree = "<group>"; };
		82D3B2AC1EAF840900AD373D /* CustomButton.swift */ = {isa = PBXFileReference; fileEncoding = 4; lastKnownFileType = sourcecode.swift; path = CustomButton.swift; sourceTree = "<group>"; };
		82D3B2AE1EAF85F700AD373D /* LetterTextField.swift */ = {isa = PBXFileReference; fileEncoding = 4; lastKnownFileType = sourcecode.swift; path = LetterTextField.swift; sourceTree = "<group>"; };
		82D3B2B41EAF931D00AD373D /* Alphabet.swift */ = {isa = PBXFileReference; fileEncoding = 4; lastKnownFileType = sourcecode.swift; path = Alphabet.swift; sourceTree = "<group>"; };
		82D3B2B61EAF999500AD373D /* Global.swift */ = {isa = PBXFileReference; fileEncoding = 4; lastKnownFileType = sourcecode.swift; path = Global.swift; sourceTree = "<group>"; };
		DBC0E593FF1B03E13848A1EA /* Pods-AlfabetApp.release.xcconfig */ = {isa = PBXFileReference; includeInIndex = 1; lastKnownFileType = text.xcconfig; name = "Pods-AlfabetApp.release.xcconfig"; path = "Pods/Target Support Files/Pods-AlfabetApp/Pods-AlfabetApp.release.xcconfig"; sourceTree = "<group>"; };
		E7BC9A473CBEC47762C56A31 /* Pods-AlfabetApp.debug.xcconfig */ = {isa = PBXFileReference; includeInIndex = 1; lastKnownFileType = text.xcconfig; name = "Pods-AlfabetApp.debug.xcconfig"; path = "Pods/Target Support Files/Pods-AlfabetApp/Pods-AlfabetApp.debug.xcconfig"; sourceTree = "<group>"; };
		F69D68D7CFFC0A462BCD7399 /* Pods_AlfabetApp.framework */ = {isa = PBXFileReference; explicitFileType = wrapper.framework; includeInIndex = 0; path = Pods_AlfabetApp.framework; sourceTree = BUILT_PRODUCTS_DIR; };
/* End PBXFileReference section */

/* Begin PBXFrameworksBuildPhase section */
		826981301EA8187E005DA287 /* Frameworks */ = {
			isa = PBXFrameworksBuildPhase;
			buildActionMask = 2147483647;
			files = (
				F9E22D35533D5EB294C277F4 /* Pods_AlfabetApp.framework in Frameworks */,
			);
			runOnlyForDeploymentPostprocessing = 0;
		};
/* End PBXFrameworksBuildPhase section */

/* Begin PBXGroup section */
		3C1D8CC3DCD4D7E9A98A4ED6 /* Pods */ = {
			isa = PBXGroup;
			children = (
				E7BC9A473CBEC47762C56A31 /* Pods-AlfabetApp.debug.xcconfig */,
				DBC0E593FF1B03E13848A1EA /* Pods-AlfabetApp.release.xcconfig */,
			);
			name = Pods;
			sourceTree = "<group>";
		};
		8269812A1EA8187E005DA287 = {
			isa = PBXGroup;
			children = (
				826981351EA8187E005DA287 /* AlfabetApp */,
				826981341EA8187E005DA287 /* Products */,
				3C1D8CC3DCD4D7E9A98A4ED6 /* Pods */,
				C233D3A9B617EB8EEE270631 /* Frameworks */,
			);
			sourceTree = "<group>";
		};
		826981341EA8187E005DA287 /* Products */ = {
			isa = PBXGroup;
			children = (
				826981331EA8187E005DA287 /* AlfabetApp.app */,
			);
			name = Products;
			sourceTree = "<group>";
		};
		826981351EA8187E005DA287 /* AlfabetApp */ = {
			isa = PBXGroup;
			children = (
				826981361EA8187E005DA287 /* AppDelegate.swift */,
				82D3B2B41EAF931D00AD373D /* Alphabet.swift */,
				82D3B2B61EAF999500AD373D /* Global.swift */,
				82D3B2B01EAF866700AD373D /* View */,
				82D3B2B11EAF866F00AD373D /* Controller */,
				8269813D1EA8187E005DA287 /* Assets.xcassets */,
				8269813F1EA8187E005DA287 /* LaunchScreen.storyboard */,
				826981421EA8187E005DA287 /* Info.plist */,
				82D1B3F81EAF79C30083F3AB /* Resources */,
			);
			path = AlfabetApp;
			sourceTree = "<group>";
		};
		82D1B3F81EAF79C30083F3AB /* Resources */ = {
			isa = PBXGroup;
			children = (
				8275A4BC1EAF7A59004CBF12 /* MENDELMW.TTF */,
			);
			name = Resources;
			sourceTree = "<group>";
		};
		82D3B2B01EAF866700AD373D /* View */ = {
			isa = PBXGroup;
			children = (
				82D3B2AE1EAF85F700AD373D /* LetterTextField.swift */,
				82D3B2AA1EAF837300AD373D /* ButtonsView.swift */,
				82D3B2AC1EAF840900AD373D /* CustomButton.swift */,
			);
			name = View;
			sourceTree = "<group>";
		};
		82D3B2B11EAF866F00AD373D /* Controller */ = {
			isa = PBXGroup;
			children = (
				826981381EA8187E005DA287 /* PracticeViewController.swift */,
				826981481EA819DF005DA287 /* MenuViewController.swift */,
			);
			name = Controller;
			sourceTree = "<group>";
		};
		C233D3A9B617EB8EEE270631 /* Frameworks */ = {
			isa = PBXGroup;
			children = (
				F69D68D7CFFC0A462BCD7399 /* Pods_AlfabetApp.framework */,
			);
			name = Frameworks;
			sourceTree = "<group>";
		};
/* End PBXGroup section */

/* Begin PBXNativeTarget section */
		826981321EA8187E005DA287 /* AlfabetApp */ = {
			isa = PBXNativeTarget;
			buildConfigurationList = 826981451EA8187E005DA287 /* Build configuration list for PBXNativeTarget "AlfabetApp" */;
			buildPhases = (
				FEA1D77F299F4D4459F62C7F /* [CP] Check Pods Manifest.lock */,
				8269812F1EA8187E005DA287 /* Sources */,
				826981301EA8187E005DA287 /* Frameworks */,
				826981311EA8187E005DA287 /* Resources */,
				8EE330899BC244D46A31BC9B /* [CP] Embed Pods Frameworks */,
				72F09A7A77150E3335AAA752 /* [CP] Copy Pods Resources */,
			);
			buildRules = (
			);
			dependencies = (
			);
			name = AlfabetApp;
			productName = AlfabetApp;
			productReference = 826981331EA8187E005DA287 /* AlfabetApp.app */;
			productType = "com.apple.product-type.application";
		};
/* End PBXNativeTarget section */

/* Begin PBXProject section */
		8269812B1EA8187E005DA287 /* Project object */ = {
			isa = PBXProject;
			attributes = {
				LastSwiftUpdateCheck = 0820;
				LastUpgradeCheck = 0820;
				ORGANIZATIONNAME = "Jan Vrzal";
				TargetAttributes = {
					826981321EA8187E005DA287 = {
						CreatedOnToolsVersion = 8.2.1;
						DevelopmentTeam = 469862744M;
						ProvisioningStyle = Automatic;
					};
				};
			};
			buildConfigurationList = 8269812E1EA8187E005DA287 /* Build configuration list for PBXProject "AlfabetApp" */;
			compatibilityVersion = "Xcode 3.2";
			developmentRegion = English;
			hasScannedForEncodings = 0;
			knownRegions = (
				en,
				Base,
			);
			mainGroup = 8269812A1EA8187E005DA287;
			productRefGroup = 826981341EA8187E005DA287 /* Products */;
			projectDirPath = "";
			projectRoot = "";
			targets = (
				826981321EA8187E005DA287 /* AlfabetApp */,
			);
		};
/* End PBXProject section */

/* Begin PBXResourcesBuildPhase section */
		826981311EA8187E005DA287 /* Resources */ = {
			isa = PBXResourcesBuildPhase;
			buildActionMask = 2147483647;
			files = (
				826981411EA8187E005DA287 /* LaunchScreen.storyboard in Resources */,
				8269813E1EA8187E005DA287 /* Assets.xcassets in Resources */,
				8275A4BD1EAF7A59004CBF12 /* MENDELMW.TTF in Resources */,
			);
			runOnlyForDeploymentPostprocessing = 0;
		};
/* End PBXResourcesBuildPhase section */

/* Begin PBXShellScriptBuildPhase section */
		72F09A7A77150E3335AAA752 /* [CP] Copy Pods Resources */ = {
			isa = PBXShellScriptBuildPhase;
			buildActionMask = 2147483647;
			files = (
			);
			inputPaths = (
			);
			name = "[CP] Copy Pods Resources";
			outputPaths = (
			);
			runOnlyForDeploymentPostprocessing = 0;
			shellPath = /bin/sh;
			shellScript = "\"${SRCROOT}/Pods/Target Support Files/Pods-AlfabetApp/Pods-AlfabetApp-resources.sh\"\n";
			showEnvVarsInLog = 0;
		};
		8EE330899BC244D46A31BC9B /* [CP] Embed Pods Frameworks */ = {
			isa = PBXShellScriptBuildPhase;
			buildActionMask = 2147483647;
			files = (
			);
			inputPaths = (
			);
			name = "[CP] Embed Pods Frameworks";
			outputPaths = (
			);
			runOnlyForDeploymentPostprocessing = 0;
			shellPath = /bin/sh;
			shellScript = "\"${SRCROOT}/Pods/Target Support Files/Pods-AlfabetApp/Pods-AlfabetApp-frameworks.sh\"\n";
			showEnvVarsInLog = 0;
		};
		FEA1D77F299F4D4459F62C7F /* [CP] Check Pods Manifest.lock */ = {
			isa = PBXShellScriptBuildPhase;
			buildActionMask = 2147483647;
			files = (
			);
			inputPaths = (
			);
			name = "[CP] Check Pods Manifest.lock";
			outputPaths = (
			);
			runOnlyForDeploymentPostprocessing = 0;
			shellPath = /bin/sh;
			shellScript = "diff \"${PODS_ROOT}/../Podfile.lock\" \"${PODS_ROOT}/Manifest.lock\" > /dev/null\nif [ $? != 0 ] ; then\n    # print error to STDERR\n    echo \"error: The sandbox is not in sync with the Podfile.lock. Run 'pod install' or update your CocoaPods installation.\" >&2\n    exit 1\nfi\n";
			showEnvVarsInLog = 0;
		};
/* End PBXShellScriptBuildPhase section */

/* Begin PBXSourcesBuildPhase section */
		8269812F1EA8187E005DA287 /* Sources */ = {
			isa = PBXSourcesBuildPhase;
			buildActionMask = 2147483647;
			files = (
				82D3B2B71EAF999500AD373D /* Global.swift in Sources */,
				826981391EA8187E005DA287 /* PracticeViewController.swift in Sources */,
				826981491EA819DF005DA287 /* MenuViewController.swift in Sources */,
				82D3B2B51EAF931D00AD373D /* Alphabet.swift in Sources */,
				82D3B2AB1EAF837300AD373D /* ButtonsView.swift in Sources */,
				82D3B2AF1EAF85F700AD373D /* LetterTextField.swift in Sources */,
				826981371EA8187E005DA287 /* AppDelegate.swift in Sources */,
				82D3B2AD1EAF840900AD373D /* CustomButton.swift in Sources */,
			);
			runOnlyForDeploymentPostprocessing = 0;
		};
/* End PBXSourcesBuildPhase section */

/* Begin PBXVariantGroup section */
		8269813F1EA8187E005DA287 /* LaunchScreen.storyboard */ = {
			isa = PBXVariantGroup;
			children = (
				826981401EA8187E005DA287 /* Base */,
			);
			name = LaunchScreen.storyboard;
			sourceTree = "<group>";
		};
/* End PBXVariantGroup section */

/* Begin XCBuildConfiguration section */
		826981431EA8187E005DA287 /* Debug */ = {
			isa = XCBuildConfiguration;
			buildSettings = {
				ALWAYS_SEARCH_USER_PATHS = NO;
				CLANG_ANALYZER_NONNULL = YES;
				CLANG_CXX_LANGUAGE_STANDARD = "gnu++0x";
				CLANG_CXX_LIBRARY = "libc++";
				CLANG_ENABLE_MODULES = YES;
				CLANG_ENABLE_OBJC_ARC = YES;
				CLANG_WARN_BOOL_CONVERSION = YES;
				CLANG_WARN_CONSTANT_CONVERSION = YES;
				CLANG_WARN_DIRECT_OBJC_ISA_USAGE = YES_ERROR;
				CLANG_WARN_DOCUMENTATION_COMMENTS = YES;
				CLANG_WARN_EMPTY_BODY = YES;
				CLANG_WARN_ENUM_CONVERSION = YES;
				CLANG_WARN_INFINITE_RECURSION = YES;
				CLANG_WARN_INT_CONVERSION = YES;
				CLANG_WARN_OBJC_ROOT_CLASS = YES_ERROR;
				CLANG_WARN_SUSPICIOUS_MOVE = YES;
				CLANG_WARN_UNREACHABLE_CODE = YES;
				CLANG_WARN__DUPLICATE_METHOD_MATCH = YES;
				"CODE_SIGN_IDENTITY[sdk=iphoneos*]" = "iPhone Developer";
				COPY_PHASE_STRIP = NO;
				DEBUG_INFORMATION_FORMAT = dwarf;
				ENABLE_STRICT_OBJC_MSGSEND = YES;
				ENABLE_TESTABILITY = YES;
				GCC_C_LANGUAGE_STANDARD = gnu99;
				GCC_DYNAMIC_NO_PIC = NO;
				GCC_NO_COMMON_BLOCKS = YES;
				GCC_OPTIMIZATION_LEVEL = 0;
				GCC_PREPROCESSOR_DEFINITIONS = (
					"DEBUG=1",
					"$(inherited)",
				);
				GCC_WARN_64_TO_32_BIT_CONVERSION = YES;
				GCC_WARN_ABOUT_RETURN_TYPE = YES_ERROR;
				GCC_WARN_UNDECLARED_SELECTOR = YES;
				GCC_WARN_UNINITIALIZED_AUTOS = YES_AGGRESSIVE;
				GCC_WARN_UNUSED_FUNCTION = YES;
				GCC_WARN_UNUSED_VARIABLE = YES;
				IPHONEOS_DEPLOYMENT_TARGET = 10.2;
				MTL_ENABLE_DEBUG_INFO = YES;
				ONLY_ACTIVE_ARCH = YES;
				SDKROOT = iphoneos;
				SWIFT_ACTIVE_COMPILATION_CONDITIONS = DEBUG;
				SWIFT_OPTIMIZATION_LEVEL = "-Onone";
				TARGETED_DEVICE_FAMILY = "1,2";
			};
			name = Debug;
		};
		826981441EA8187E005DA287 /* Release */ = {
			isa = XCBuildConfiguration;
			buildSettings = {
				ALWAYS_SEARCH_USER_PATHS = NO;
				CLANG_ANALYZER_NONNULL = YES;
				CLANG_CXX_LANGUAGE_STANDARD = "gnu++0x";
				CLANG_CXX_LIBRARY = "libc++";
				CLANG_ENABLE_MODULES = YES;
				CLANG_ENABLE_OBJC_ARC = YES;
				CLANG_WARN_BOOL_CONVERSION = YES;
				CLANG_WARN_CONSTANT_CONVERSION = YES;
				CLANG_WARN_DIRECT_OBJC_ISA_USAGE = YES_ERROR;
				CLANG_WARN_DOCUMENTATION_COMMENTS = YES;
				CLANG_WARN_EMPTY_BODY = YES;
				CLANG_WARN_ENUM_CONVERSION = YES;
				CLANG_WARN_INFINITE_RECURSION = YES;
				CLANG_WARN_INT_CONVERSION = YES;
				CLANG_WARN_OBJC_ROOT_CLASS = YES_ERROR;
				CLANG_WARN_SUSPICIOUS_MOVE = YES;
				CLANG_WARN_UNREACHABLE_CODE = YES;
				CLANG_WARN__DUPLICATE_METHOD_MATCH = YES;
				"CODE_SIGN_IDENTITY[sdk=iphoneos*]" = "iPhone Developer";
				COPY_PHASE_STRIP = NO;
				DEBUG_INFORMATION_FORMAT = "dwarf-with-dsym";
				ENABLE_NS_ASSERTIONS = NO;
				ENABLE_STRICT_OBJC_MSGSEND = YES;
				GCC_C_LANGUAGE_STANDARD = gnu99;
				GCC_NO_COMMON_BLOCKS = YES;
				GCC_WARN_64_TO_32_BIT_CONVERSION = YES;
				GCC_WARN_ABOUT_RETURN_TYPE = YES_ERROR;
				GCC_WARN_UNDECLARED_SELECTOR = YES;
				GCC_WARN_UNINITIALIZED_AUTOS = YES_AGGRESSIVE;
				GCC_WARN_UNUSED_FUNCTION = YES;
				GCC_WARN_UNUSED_VARIABLE = YES;
				IPHONEOS_DEPLOYMENT_TARGET = 10.2;
				MTL_ENABLE_DEBUG_INFO = NO;
				SDKROOT = iphoneos;
				SWIFT_OPTIMIZATION_LEVEL = "-Owholemodule";
				TARGETED_DEVICE_FAMILY = "1,2";
				VALIDATE_PRODUCT = YES;
			};
			name = Release;
		};
		826981461EA8187E005DA287 /* Debug */ = {
			isa = XCBuildConfiguration;
			baseConfigurationReference = E7BC9A473CBEC47762C56A31 /* Pods-AlfabetApp.debug.xcconfig */;
			buildSettings = {
				ASSETCATALOG_COMPILER_APPICON_NAME = AppIcon;
				DEVELOPMENT_TEAM = 469862744M;
				INFOPLIST_FILE = AlfabetApp/Info.plist;
				LD_RUNPATH_SEARCH_PATHS = "$(inherited) @executable_path/Frameworks";
				PRODUCT_BUNDLE_IDENTIFIER = OhYeah.AlfabetApp;
				PRODUCT_NAME = "$(TARGET_NAME)";
				SWIFT_VERSION = 3.0;
			};
			name = Debug;
		};
		826981471EA8187E005DA287 /* Release */ = {
			isa = XCBuildConfiguration;
			baseConfigurationReference = DBC0E593FF1B03E13848A1EA /* Pods-AlfabetApp.release.xcconfig */;
			buildSettings = {
				ASSETCATALOG_COMPILER_APPICON_NAME = AppIcon;
				DEVELOPMENT_TEAM = 469862744M;
				INFOPLIST_FILE = AlfabetApp/Info.plist;
				LD_RUNPATH_SEARCH_PATHS = "$(inherited) @executable_path/Frameworks";
				PRODUCT_BUNDLE_IDENTIFIER = OhYeah.AlfabetApp;
				PRODUCT_NAME = "$(TARGET_NAME)";
				SWIFT_VERSION = 3.0;
			};
			name = Release;
		};
/* End XCBuildConfiguration section */

/* Begin XCConfigurationList section */
		8269812E1EA8187E005DA287 /* Build configuration list for PBXProject "AlfabetApp" */ = {
			isa = XCConfigurationList;
			buildConfigurations = (
				826981431EA8187E005DA287 /* Debug */,
				826981441EA8187E005DA287 /* Release */,
			);
			defaultConfigurationIsVisible = 0;
			defaultConfigurationName = Release;
		};
		826981451EA8187E005DA287 /* Build configuration list for PBXNativeTarget "AlfabetApp" */ = {
			isa = XCConfigurationList;
			buildConfigurations = (
				826981461EA8187E005DA287 /* Debug */,
				826981471EA8187E005DA287 /* Release */,
			);
			defaultConfigurationIsVisible = 0;
			defaultConfigurationName = Release;
		};
/* End XCConfigurationList section */
	};
	rootObject = 8269812B1EA8187E005DA287 /* Project object */;
}
